
Microsoft Visual Studio Solution File, Format Version 12.00
# Visual Studio Version 16
VisualStudioVersion = 16.0.30611.23
MinimumVisualStudioVersion = 10.0.40219.1
Project("{FAE04EC0-301F-11D3-BF4B-00C04F79EFBC}") = "AFMR_CloudServer", "AFMR_CloudServer.csproj", "{A97263E0-04CD-4777-A571-22B652CAD6B1}"
EndProject
Global
	GlobalSection(SolutionConfigurationPlatforms) = preSolution
		Debug|Any CPU = Debug|Any CPU
		Release|Any CPU = Release|Any CPU
	EndGlobalSection
	GlobalSection(ProjectConfigurationPlatforms) = postSolution
		{A97263E0-04CD-4777-A571-22B652CAD6B1}.Debug|Any CPU.ActiveCfg = Debug|Any CPU
		{A97263E0-04CD-4777-A571-22B652CAD6B1}.Debug|Any CPU.Build.0 = Debug|Any CPU
		{A97263E0-04CD-4777-A571-22B652CAD6B1}.Release|Any CPU.ActiveCfg = Release|Any CPU
		{A97263E0-04CD-4777-A571-22B652CAD6B1}.Release|Any CPU.Build.0 = Release|Any CPU
	EndGlobalSection
	GlobalSection(SolutionProperties) = preSolution
		HideSolutionNode = FALSE
	EndGlobalSection
	GlobalSection(ExtensibilityGlobals) = postSolution
		SolutionGuid = {2E177B9A-3327-41FD-859D-9AC1EE899369}
	EndGlobalSection
EndGlobal
